// !$*UTF8*$!
{
	archiveVersion = 1;
	classes = {
	};
	objectVersion = 46;
	objects = {

/* Begin PBXBuildFile section */
		4B908006041EBA8B7DF2CDFA /* Pods_cityList.framework in Frameworks */ = {isa = PBXBuildFile; fileRef = E3313124266C020C72A13CD4 /* Pods_cityList.framework */; };
		7C470FEB1F0F218E00D8C124 /* AppDelegate.swift in Sources */ = {isa = PBXBuildFile; fileRef = 7C470FEA1F0F218E00D8C124 /* AppDelegate.swift */; };
		7C470FED1F0F218E00D8C124 /* ViewController.swift in Sources */ = {isa = PBXBuildFile; fileRef = 7C470FEC1F0F218E00D8C124 /* ViewController.swift */; };
		7C470FF01F0F218E00D8C124 /* Main.storyboard in Resources */ = {isa = PBXBuildFile; fileRef = 7C470FEE1F0F218E00D8C124 /* Main.storyboard */; };
		7C470FF21F0F218E00D8C124 /* Assets.xcassets in Resources */ = {isa = PBXBuildFile; fileRef = 7C470FF11F0F218E00D8C124 /* Assets.xcassets */; };
		7C470FF51F0F218E00D8C124 /* LaunchScreen.storyboard in Resources */ = {isa = PBXBuildFile; fileRef = 7C470FF31F0F218E00D8C124 /* LaunchScreen.storyboard */; };
		7C470FFD1F0F24B700D8C124 /* province.txt in Resources */ = {isa = PBXBuildFile; fileRef = 7C470FFC1F0F24B700D8C124 /* province.txt */; };
		7C470FFF1F0F24CB00D8C124 /* cityCache.swift in Sources */ = {isa = PBXBuildFile; fileRef = 7C470FFE1F0F24CB00D8C124 /* cityCache.swift */; };
		7C4710011F0F2C0B00D8C124 /* CityModel.swift in Sources */ = {isa = PBXBuildFile; fileRef = 7C4710001F0F2C0B00D8C124 /* CityModel.swift */; };
		7C8BF8B71F1332230009E5BF /* BIgModel.swift in Sources */ = {isa = PBXBuildFile; fileRef = 7C8BF8B61F1332230009E5BF /* BIgModel.swift */; };
/* End PBXBuildFile section */

/* Begin PBXFileReference section */
		3022EFC530AC34C2AFBC12FA /* Pods-cityList.debug.xcconfig */ = {isa = PBXFileReference; includeInIndex = 1; lastKnownFileType = text.xcconfig; name = "Pods-cityList.debug.xcconfig"; path = "Pods/Target Support Files/Pods-cityList/Pods-cityList.debug.xcconfig"; sourceTree = "<group>"; };
		6F4D10EE408F3776B393C2E7 /* Pods-cityList.release.xcconfig */ = {isa = PBXFileReference; includeInIndex = 1; lastKnownFileType = text.xcconfig; name = "Pods-cityList.release.xcconfig"; path = "Pods/Target Support Files/Pods-cityList/Pods-cityList.release.xcconfig"; sourceTree = "<group>"; };
		7C470FE71F0F218E00D8C124 /* cityList.app */ = {isa = PBXFileReference; explicitFileType = wrapper.application; includeInIndex = 0; path = cityList.app; sourceTree = BUILT_PRODUCTS_DIR; };
		7C470FEA1F0F218E00D8C124 /* AppDelegate.swift */ = {isa = PBXFileReference; lastKnownFileType = sourcecode.swift; path = AppDelegate.swift; sourceTree = "<group>"; };
		7C470FEC1F0F218E00D8C124 /* ViewController.swift */ = {isa = PBXFileReference; lastKnownFileType = sourcecode.swift; path = ViewController.swift; sourceTree = "<group>"; };
		7C470FEF1F0F218E00D8C124 /* Base */ = {isa = PBXFileReference; lastKnownFileType = file.storyboard; name = Base; path = Base.lproj/Main.storyboard; sourceTree = "<group>"; };
		7C470FF11F0F218E00D8C124 /* Assets.xcassets */ = {isa = PBXFileReference; lastKnownFileType = folder.assetcatalog; path = Assets.xcassets; sourceTree = "<group>"; };
		7C470FF41F0F218E00D8C124 /* Base */ = {isa = PBXFileReference; lastKnownFileType = file.storyboard; name = Base; path = Base.lproj/LaunchScreen.storyboard; sourceTree = "<group>"; };
		7C470FF61F0F218E00D8C124 /* Info.plist */ = {isa = PBXFileReference; lastKnownFileType = text.plist.xml; path = Info.plist; sourceTree = "<group>"; };
		7C470FFC1F0F24B700D8C124 /* province.txt */ = {isa = PBXFileReference; fileEncoding = 4; lastKnownFileType = text; path = province.txt; sourceTree = "<group>"; };
		7C470FFE1F0F24CB00D8C124 /* cityCache.swift */ = {isa = PBXFileReference; fileEncoding = 4; lastKnownFileType = sourcecode.swift; path = cityCache.swift; sourceTree = "<group>"; };
		7C4710001F0F2C0B00D8C124 /* CityModel.swift */ = {isa = PBXFileReference; fileEncoding = 4; lastKnownFileType = sourcecode.swift; path = CityModel.swift; sourceTree = "<group>"; };
		7C8BF8B61F1332230009E5BF /* BIgModel.swift */ = {isa = PBXFileReference; fileEncoding = 4; lastKnownFileType = sourcecode.swift; path = BIgModel.swift; sourceTree = "<group>"; };
		E3313124266C020C72A13CD4 /* Pods_cityList.framework */ = {isa = PBXFileReference; explicitFileType = wrapper.framework; includeInIndex = 0; path = Pods_cityList.framework; sourceTree = BUILT_PRODUCTS_DIR; };
/* End PBXFileReference section */

/* Begin PBXFrameworksBuildPhase section */
		7C470FE41F0F218E00D8C124 /* Frameworks */ = {
			isa = PBXFrameworksBuildPhase;
			buildActionMask = 2147483647;
			files = (
				4B908006041EBA8B7DF2CDFA /* Pods_cityList.framework in Frameworks */,
			);
			runOnlyForDeploymentPostprocessing = 0;
		};
/* End PBXFrameworksBuildPhase section */

/* Begin PBXGroup section */
		787C120987BE529C5070176A /* Pods */ = {
			isa = PBXGroup;
			children = (
				3022EFC530AC34C2AFBC12FA /* Pods-cityList.debug.xcconfig */,
				6F4D10EE408F3776B393C2E7 /* Pods-cityList.release.xcconfig */,
			);
			name = Pods;
			sourceTree = "<group>";
		};
		7C470FDE1F0F218E00D8C124 = {
			isa = PBXGroup;
			children = (
				7C470FE91F0F218E00D8C124 /* cityList */,
				7C470FE81F0F218E00D8C124 /* Products */,
				787C120987BE529C5070176A /* Pods */,
				C4A8BC095F39B1186314EC52 /* Frameworks */,
			);
			sourceTree = "<group>";
		};
		7C470FE81F0F218E00D8C124 /* Products */ = {
			isa = PBXGroup;
			children = (
				7C470FE71F0F218E00D8C124 /* cityList.app */,
			);
			name = Products;
			sourceTree = "<group>";
		};
		7C470FE91F0F218E00D8C124 /* cityList */ = {
			isa = PBXGroup;
			children = (
				7C470FEA1F0F218E00D8C124 /* AppDelegate.swift */,
				7C470FEC1F0F218E00D8C124 /* ViewController.swift */,
				7C470FFE1F0F24CB00D8C124 /* cityCache.swift */,
				7C8BF8B61F1332230009E5BF /* BIgModel.swift */,
				7C4710001F0F2C0B00D8C124 /* CityModel.swift */,
				7C470FEE1F0F218E00D8C124 /* Main.storyboard */,
				7C470FF11F0F218E00D8C124 /* Assets.xcassets */,
				7C470FFC1F0F24B700D8C124 /* province.txt */,
				7C470FF31F0F218E00D8C124 /* LaunchScreen.storyboard */,
				7C470FF61F0F218E00D8C124 /* Info.plist */,
			);
			path = cityList;
			sourceTree = "<group>";
		};
		C4A8BC095F39B1186314EC52 /* Frameworks */ = {
			isa = PBXGroup;
			children = (
				E3313124266C020C72A13CD4 /* Pods_cityList.framework */,
			);
			name = Frameworks;
			sourceTree = "<group>";
		};
/* End PBXGroup section */

/* Begin PBXNativeTarget section */
		7C470FE61F0F218E00D8C124 /* cityList */ = {
			isa = PBXNativeTarget;
			buildConfigurationList = 7C470FF91F0F218E00D8C124 /* Build configuration list for PBXNativeTarget "cityList" */;
			buildPhases = (
				7BC36CD782038A49336D290C /* [CP] Check Pods Manifest.lock */,
				7C470FE31F0F218E00D8C124 /* Sources */,
				7C470FE41F0F218E00D8C124 /* Frameworks */,
				7C470FE51F0F218E00D8C124 /* Resources */,
				A4CBC40133D5E83B04861393 /* [CP] Embed Pods Frameworks */,
				9E5947B325809F03BAB326A9 /* [CP] Copy Pods Resources */,
			);
			buildRules = (
			);
			dependencies = (
			);
			name = cityList;
			productName = cityList;
			productReference = 7C470FE71F0F218E00D8C124 /* cityList.app */;
			productType = "com.apple.product-type.application";
		};
/* End PBXNativeTarget section */

/* Begin PBXProject section */
		7C470FDF1F0F218E00D8C124 /* Project object */ = {
			isa = PBXProject;
			attributes = {
				LastSwiftUpdateCheck = 0830;
				LastUpgradeCheck = 0830;
				ORGANIZATIONNAME = aa;
				TargetAttributes = {
					7C470FE61F0F218E00D8C124 = {
						CreatedOnToolsVersion = 8.3.1;
						ProvisioningStyle = Manual;
					};
				};
			};
			buildConfigurationList = 7C470FE21F0F218E00D8C124 /* Build configuration list for PBXProject "cityList" */;
			compatibilityVersion = "Xcode 3.2";
			developmentRegion = English;
			hasScannedForEncodings = 0;
			knownRegions = (
				en,
				Base,
			);
			mainGroup = 7C470FDE1F0F218E00D8C124;
			productRefGroup = 7C470FE81F0F218E00D8C124 /* Products */;
			projectDirPath = "";
			projectRoot = "";
			targets = (
				7C470FE61F0F218E00D8C124 /* cityList */,
			);
		};
/* End PBXProject section */

/* Begin PBXResourcesBuildPhase section */
		7C470FE51F0F218E00D8C124 /* Resources */ = {
			isa = PBXResourcesBuildPhase;
			buildActionMask = 2147483647;
			files = (
				7C470FFD1F0F24B700D8C124 /* province.txt in Resources */,
				7C470FF51F0F218E00D8C124 /* LaunchScreen.storyboard in Resources */,
				7C470FF21F0F218E00D8C124 /* Assets.xcassets in Resources */,
				7C470FF01F0F218E00D8C124 /* Main.storyboard in Resources */,
			);
			runOnlyForDeploymentPostprocessing = 0;
		};
/* End PBXResourcesBuildPhase section */

/* Begin PBXShellScriptBuildPhase section */
		7BC36CD782038A49336D290C /* [CP] Check Pods Manifest.lock */ = {
			isa = PBXShellScriptBuildPhase;
			buildActionMask = 2147483647;
			files = (
			);
			inputPaths = (
			);
			name = "[CP] Check Pods Manifest.lock";
			outputPaths = (
			);
			runOnlyForDeploymentPostprocessing = 0;
			shellPath = /bin/sh;
			shellScript = "diff \"${PODS_PODFILE_DIR_PATH}/Podfile.lock\" \"${PODS_ROOT}/Manifest.lock\" > /dev/null\nif [ $? != 0 ] ; then\n    # print error to STDERR\n    echo \"error: The sandbox is not in sync with the Podfile.lock. Run 'pod install' or update your CocoaPods installation.\" >&2\n    exit 1\nfi\n";
			showEnvVarsInLog = 0;
		};
		9E5947B325809F03BAB326A9 /* [CP] Copy Pods Resources */ = {
			isa = PBXShellScriptBuildPhase;
			buildActionMask = 2147483647;
			files = (
			);
			inputPaths = (
			);
			name = "[CP] Copy Pods Resources";
			outputPaths = (
			);
			runOnlyForDeploymentPostprocessing = 0;
			shellPath = /bin/sh;
			shellScript = "\"${SRCROOT}/Pods/Target Support Files/Pods-cityList/Pods-cityList-resources.sh\"\n";
			showEnvVarsInLog = 0;
		};
		A4CBC40133D5E83B04861393 /* [CP] Embed Pods Frameworks */ = {
			isa = PBXShellScriptBuildPhase;
			buildActionMask = 2147483647;
			files = (
			);
			inputPaths = (
			);
			name = "[CP] Embed Pods Frameworks";
			outputPaths = (
			);
			runOnlyForDeploymentPostprocessing = 0;
			shellPath = /bin/sh;
			shellScript = "\"${SRCROOT}/Pods/Target Support Files/Pods-cityList/Pods-cityList-frameworks.sh\"\n";
			showEnvVarsInLog = 0;
		};
/* End PBXShellScriptBuildPhase section */

/* Begin PBXSourcesBuildPhase section */
		7C470FE31F0F218E00D8C124 /* Sources */ = {
			isa = PBXSourcesBuildPhase;
			buildActionMask = 2147483647;
			files = (
				7C4710011F0F2C0B00D8C124 /* CityModel.swift in Sources */,
				7C470FED1F0F218E00D8C124 /* ViewController.swift in Sources */,
				7C470FEB1F0F218E00D8C124 /* AppDelegate.swift in Sources */,
				7C8BF8B71F1332230009E5BF /* BIgModel.swift in Sources */,
				7C470FFF1F0F24CB00D8C124 /* cityCache.swift in Sources */,
			);
			runOnlyForDeploymentPostprocessing = 0;
		};
/* End PBXSourcesBuildPhase section */

/* Begin PBXVariantGroup section */
		7C470FEE1F0F218E00D8C124 /* Main.storyboard */ = {
			isa = PBXVariantGroup;
			children = (
				7C470FEF1F0F218E00D8C124 /* Base */,
			);
			name = Main.storyboard;
			sourceTree = "<group>";
		};
		7C470FF31F0F218E00D8C124 /* LaunchScreen.storyboard */ = {
			isa = PBXVariantGroup;
			children = (
				7C470FF41F0F218E00D8C124 /* Base */,
			);
			name = LaunchScreen.storyboard;
			sourceTree = "<group>";
		};
/* End PBXVariantGroup section */

/* Begin XCBuildConfiguration section */
		7C470FF71F0F218E00D8C124 /* Debug */ = {
			isa = XCBuildConfiguration;
			buildSettings = {
				ALWAYS_SEARCH_USER_PATHS = NO;
				CLANG_ANALYZER_NONNULL = YES;
				CLANG_ANALYZER_NUMBER_OBJECT_CONVERSION = YES_AGGRESSIVE;
				CLANG_CXX_LANGUAGE_STANDARD = "gnu++0x";
				CLANG_CXX_LIBRARY = "libc++";
				CLANG_ENABLE_MODULES = YES;
				CLANG_ENABLE_OBJC_ARC = YES;
				CLANG_WARN_BOOL_CONVERSION = YES;
				CLANG_WARN_CONSTANT_CONVERSION = YES;
				CLANG_WARN_DIRECT_OBJC_ISA_USAGE = YES_ERROR;
				CLANG_WARN_DOCUMENTATION_COMMENTS = YES;
				CLANG_WARN_EMPTY_BODY = YES;
				CLANG_WARN_ENUM_CONVERSION = YES;
				CLANG_WARN_INFINITE_RECURSION = YES;
				CLANG_WARN_INT_CONVERSION = YES;
				CLANG_WARN_OBJC_ROOT_CLASS = YES_ERROR;
				CLANG_WARN_SUSPICIOUS_MOVE = YES;
				CLANG_WARN_UNREACHABLE_CODE = YES;
				CLANG_WARN__DUPLICATE_METHOD_MATCH = YES;
				"CODE_SIGN_IDENTITY[sdk=iphoneos*]" = "iPhone Developer";
				COPY_PHASE_STRIP = NO;
				DEBUG_INFORMATION_FORMAT = dwarf;
				ENABLE_STRICT_OBJC_MSGSEND = YES;
				ENABLE_TESTABILITY = YES;
				GCC_C_LANGUAGE_STANDARD = gnu99;
				GCC_DYNAMIC_NO_PIC = NO;
				GCC_NO_COMMON_BLOCKS = YES;
				GCC_OPTIMIZATION_LEVEL = 0;
				GCC_PREPROCESSOR_DEFINITIONS = (
					"DEBUG=1",
					"$(inherited)",
				);
				GCC_WARN_64_TO_32_BIT_CONVERSION = YES;
				GCC_WARN_ABOUT_RETURN_TYPE = YES_ERROR;
				GCC_WARN_UNDECLARED_SELECTOR = YES;
				GCC_WARN_UNINITIALIZED_AUTOS = YES_AGGRESSIVE;
				GCC_WARN_UNUSED_FUNCTION = YES;
				GCC_WARN_UNUSED_VARIABLE = YES;
				IPHONEOS_DEPLOYMENT_TARGET = 10.3;
				MTL_ENABLE_DEBUG_INFO = YES;
				ONLY_ACTIVE_ARCH = YES;
				SDKROOT = iphoneos;
				SWIFT_ACTIVE_COMPILATION_CONDITIONS = DEBUG;
				SWIFT_OPTIMIZATION_LEVEL = "-Onone";
				TARGETED_DEVICE_FAMILY = "1,2";
			};
			name = Debug;
		};
		7C470FF81F0F218E00D8C124 /* Release */ = {
			isa = XCBuildConfiguration;
			buildSettings = {
				ALWAYS_SEARCH_USER_PATHS = NO;
				CLANG_ANALYZER_NONNULL = YES;
				CLANG_ANALYZER_NUMBER_OBJECT_CONVERSION = YES_AGGRESSIVE;
				CLANG_CXX_LANGUAGE_STANDARD = "gnu++0x";
				CLANG_CXX_LIBRARY = "libc++";
				CLANG_ENABLE_MODULES = YES;
				CLANG_ENABLE_OBJC_ARC = YES;
				CLANG_WARN_BOOL_CONVERSION = YES;
				CLANG_WARN_CONSTANT_CONVERSION = YES;
				CLANG_WARN_DIRECT_OBJC_ISA_USAGE = YES_ERROR;
				CLANG_WARN_DOCUMENTATION_COMMENTS = YES;
				CLANG_WARN_EMPTY_BODY = YES;
				CLANG_WARN_ENUM_CONVERSION = YES;
				CLANG_WARN_INFINITE_RECURSION = YES;
				CLANG_WARN_INT_CONVERSION = YES;
				CLANG_WARN_OBJC_ROOT_CLASS = YES_ERROR;
				CLANG_WARN_SUSPICIOUS_MOVE = YES;
				CLANG_WARN_UNREACHABLE_CODE = YES;
				CLANG_WARN__DUPLICATE_METHOD_MATCH = YES;
				"CODE_SIGN_IDENTITY[sdk=iphoneos*]" = "iPhone Developer";
				COPY_PHASE_STRIP = NO;
				DEBUG_INFORMATION_FORMAT = "dwarf-with-dsym";
				ENABLE_NS_ASSERTIONS = NO;
				ENABLE_STRICT_OBJC_MSGSEND = YES;
				GCC_C_LANGUAGE_STANDARD = gnu99;
				GCC_NO_COMMON_BLOCKS = YES;
				GCC_WARN_64_TO_32_BIT_CONVERSION = YES;
				GCC_WARN_ABOUT_RETURN_TYPE = YES_ERROR;
				GCC_WARN_UNDECLARED_SELECTOR = YES;
				GCC_WARN_UNINITIALIZED_AUTOS = YES_AGGRESSIVE;
				GCC_WARN_UNUSED_FUNCTION = YES;
				GCC_WARN_UNUSED_VARIABLE = YES;
				IPHONEOS_DEPLOYMENT_TARGET = 10.3;
				MTL_ENABLE_DEBUG_INFO = NO;
				SDKROOT = iphoneos;
				SWIFT_OPTIMIZATION_LEVEL = "-Owholemodule";
				TARGETED_DEVICE_FAMILY = "1,2";
				VALIDATE_PRODUCT = YES;
			};
			name = Release;
		};
		7C470FFA1F0F218E00D8C124 /* Debug */ = {
			isa = XCBuildConfiguration;
			baseConfigurationReference = 3022EFC530AC34C2AFBC12FA /* Pods-cityList.debug.xcconfig */;
			buildSettings = {
				ASSETCATALOG_COMPILER_APPICON_NAME = AppIcon;
				DEVELOPMENT_TEAM = "";
				INFOPLIST_FILE = cityList/Info.plist;
				LD_RUNPATH_SEARCH_PATHS = "$(inherited) @executable_path/Frameworks";
				PRODUCT_BUNDLE_IDENTIFIER = ff.cityList;
				PRODUCT_NAME = "$(TARGET_NAME)";
				PROVISIONING_PROFILE_SPECIFIER = "";
				SWIFT_VERSION = 3.0;
			};
			name = Debug;
		};
		7C470FFB1F0F218E00D8C124 /* Release */ = {
			isa = XCBuildConfiguration;
			baseConfigurationReference = 6F4D10EE408F3776B393C2E7 /* Pods-cityList.release.xcconfig */;
			buildSettings = {
				ASSETCATALOG_COMPILER_APPICON_NAME = AppIcon;
				DEVELOPMENT_TEAM = "";
				INFOPLIST_FILE = cityList/Info.plist;
				LD_RUNPATH_SEARCH_PATHS = "$(inherited) @executable_path/Frameworks";
				PRODUCT_BUNDLE_IDENTIFIER = ff.cityList;
				PRODUCT_NAME = "$(TARGET_NAME)";
				PROVISIONING_PROFILE_SPECIFIER = "";
				SWIFT_VERSION = 3.0;
			};
			name = Release;
		};
/* End XCBuildConfiguration section */

/* Begin XCConfigurationList section */
		7C470FE21F0F218E00D8C124 /* Build configuration list for PBXProject "cityList" */ = {
			isa = XCConfigurationList;
			buildConfigurations = (
				7C470FF71F0F218E00D8C124 /* Debug */,
				7C470FF81F0F218E00D8C124 /* Release */,
			);
			defaultConfigurationIsVisible = 0;
			defaultConfigurationName = Release;
		};
		7C470FF91F0F218E00D8C124 /* Build configuration list for PBXNativeTarget "cityList" */ = {
			isa = XCConfigurationList;
			buildConfigurations = (
				7C470FFA1F0F218E00D8C124 /* Debug */,
				7C470FFB1F0F218E00D8C124 /* Release */,
			);
			defaultConfigurationIsVisible = 0;
			defaultConfigurationName = Release;
		};
/* End XCConfigurationList section */
	};
	rootObject = 7C470FDF1F0F218E00D8C124 /* Project object */;
}
